
Microsoft Visual Studio Solution File, Format Version 12.00
# Visual Studio Version 16
VisualStudioVersion = 16.0.29424.173
MinimumVisualStudioVersion = 10.0.40219.1
Project("{FAE04EC0-301F-11D3-BF4B-00C04F79EFBC}") = "Examen_Taller_2do_Parcial", "Examen_Taller_2do_Parcial\Examen_Taller_2do_Parcial.csproj", "{9B8AAE11-7CF1-48D7-96A4-75C11885C59B}"
EndProject
Global
	GlobalSection(SolutionConfigurationPlatforms) = preSolution
		Debug|Any CPU = Debug|Any CPU
		Release|Any CPU = Release|Any CPU
	EndGlobalSection
	GlobalSection(ProjectConfigurationPlatforms) = postSolution
		{9B8AAE11-7CF1-48D7-96A4-75C11885C59B}.Debug|Any CPU.ActiveCfg = Debug|Any CPU
		{9B8AAE11-7CF1-48D7-96A4-75C11885C59B}.Debug|Any CPU.Build.0 = Debug|Any CPU
		{9B8AAE11-7CF1-48D7-96A4-75C11885C59B}.Release|Any CPU.ActiveCfg = Release|Any CPU
		{9B8AAE11-7CF1-48D7-96A4-75C11885C59B}.Release|Any CPU.Build.0 = Release|Any CPU
	EndGlobalSection
	GlobalSection(SolutionProperties) = preSolution
		HideSolutionNode = FALSE
	EndGlobalSection
	GlobalSection(ExtensibilityGlobals) = postSolution
		SolutionGuid = {B3EA695C-5A7E-47B2-8180-B907A822B723}
	EndGlobalSection
EndGlobal
